
Microsoft Visual Studio Solution File, Format Version 12.00
# Visual Studio Version 16
VisualStudioVersion = 16.0.30717.126
MinimumVisualStudioVersion = 10.0.40219.1
Project("{FAE04EC0-301F-11D3-BF4B-00C04F79EFBC}") = "ConsoleApp1", "ConsoleApp1\ConsoleApp1.csproj", "{69B924F6-7ACD-483B-A17F-17B02658CA7B}"
EndProject
Global
	GlobalSection(SolutionConfigurationPlatforms) = preSolution
		Debug|Any CPU = Debug|Any CPU
		Release|Any CPU = Release|Any CPU
	EndGlobalSection
	GlobalSection(ProjectConfigurationPlatforms) = postSolution
		{69B924F6-7ACD-483B-A17F-17B02658CA7B}.Debug|Any CPU.ActiveCfg = Debug|Any CPU
		{69B924F6-7ACD-483B-A17F-17B02658CA7B}.Debug|Any CPU.Build.0 = Debug|Any CPU
		{69B924F6-7ACD-483B-A17F-17B02658CA7B}.Release|Any CPU.ActiveCfg = Release|Any CPU
		{69B924F6-7ACD-483B-A17F-17B02658CA7B}.Release|Any CPU.Build.0 = Release|Any CPU
	EndGlobalSection
	GlobalSection(SolutionProperties) = preSolution
		HideSolutionNode = FALSE
	EndGlobalSection
	GlobalSection(ExtensibilityGlobals) = postSolution
		SolutionGuid = {6F41D75B-6204-49DD-A649-5C61134EFB9D}
	EndGlobalSection
EndGlobal
